# Generated by buf. DO NOT EDIT.
version: v1
deps:
  - remote: buf.build
    owner: protocolbuffers
    repository: wellknowntypes
    commit: d4f14e5e0a9c40889c90d373c74e95eb
    digest: shake256:c9824714afd6cc432c2e1fafa20df47c87a8a0aca9e27192cd5732619453997af1721c2eac5c0fbbe7b29a741af5b8d7ba4ee89c85903e782d9c725d7b9436b5
