# Generated by buf. DO NOT EDIT.
version: v1
deps:
  - remote: buf.build
    owner: protocolbuffers
    repository: wellknowntypes
    commit: d4f14e5e0a9c40889c90d373c74e95eb
    digest: shake256:c9824714afd6cc432c2e1fafa20df47c87a8a0aca9e27192cd5732619453997af1721c2eac5c0fbbe7b29a741af5b8d7ba4ee89c85903e782d9c725d7b9436b5
  - remote: buf.build
    owner: synternet
    repository: proto
    commit: 8d0eb84131114769ab7552d6ef2470d3
    digest: shake256:50043634a14b06c3221473b94bf7d6ad0d18686bf97bf89e29a943b4eef00ca55d58998d35d0185839f3b3614f48ec9689fd0c06db41f7843ff65b0dfece1e33
